
Microsoft Visual Studio Solution File, Format Version 12.00
# Visual Studio Version 17
VisualStudioVersion = 17.1.32421.90
MinimumVisualStudioVersion = 10.0.40219.1
Project("{FAE04EC0-301F-11D3-BF4B-00C04F79EFBC}") = "EjercicioSocketServidor", "EjercicioSocketServidor\EjercicioSocketServidor.csproj", "{D4B1FE65-AA6D-4E76-B5C4-C86198C47C42}"
EndProject
Project("{FAE04EC0-301F-11D3-BF4B-00C04F79EFBC}") = "ServidorSocketUtils", "ServidorSocketUtils\ServidorSocketUtils.csproj", "{2218EAEB-7081-449A-82A8-54C2574F586A}"
EndProject
Project("{FAE04EC0-301F-11D3-BF4B-00C04F79EFBC}") = "ClienteSocketUtils", "ClienteSocketUtils\ClienteSocketUtils.csproj", "{8A42C208-6A17-43FA-A66E-485BBD40A5F7}"
EndProject
Project("{FAE04EC0-301F-11D3-BF4B-00C04F79EFBC}") = "Ejercicio1Cliente", "Ejercicio1Cliente\Ejercicio1Cliente.csproj", "{6B812C5A-A708-427E-9C14-0FCA5BE56142}"
EndProject
Global
	GlobalSection(SolutionConfigurationPlatforms) = preSolution
		Debug|Any CPU = Debug|Any CPU
		Release|Any CPU = Release|Any CPU
	EndGlobalSection
	GlobalSection(ProjectConfigurationPlatforms) = postSolution
		{D4B1FE65-AA6D-4E76-B5C4-C86198C47C42}.Debug|Any CPU.ActiveCfg = Debug|Any CPU
		{D4B1FE65-AA6D-4E76-B5C4-C86198C47C42}.Debug|Any CPU.Build.0 = Debug|Any CPU
		{D4B1FE65-AA6D-4E76-B5C4-C86198C47C42}.Release|Any CPU.ActiveCfg = Release|Any CPU
		{D4B1FE65-AA6D-4E76-B5C4-C86198C47C42}.Release|Any CPU.Build.0 = Release|Any CPU
		{2218EAEB-7081-449A-82A8-54C2574F586A}.Debug|Any CPU.ActiveCfg = Debug|Any CPU
		{2218EAEB-7081-449A-82A8-54C2574F586A}.Debug|Any CPU.Build.0 = Debug|Any CPU
		{2218EAEB-7081-449A-82A8-54C2574F586A}.Release|Any CPU.ActiveCfg = Release|Any CPU
		{2218EAEB-7081-449A-82A8-54C2574F586A}.Release|Any CPU.Build.0 = Release|Any CPU
		{8A42C208-6A17-43FA-A66E-485BBD40A5F7}.Debug|Any CPU.ActiveCfg = Debug|Any CPU
		{8A42C208-6A17-43FA-A66E-485BBD40A5F7}.Debug|Any CPU.Build.0 = Debug|Any CPU
		{8A42C208-6A17-43FA-A66E-485BBD40A5F7}.Release|Any CPU.ActiveCfg = Release|Any CPU
		{8A42C208-6A17-43FA-A66E-485BBD40A5F7}.Release|Any CPU.Build.0 = Release|Any CPU
		{6B812C5A-A708-427E-9C14-0FCA5BE56142}.Debug|Any CPU.ActiveCfg = Debug|Any CPU
		{6B812C5A-A708-427E-9C14-0FCA5BE56142}.Debug|Any CPU.Build.0 = Debug|Any CPU
		{6B812C5A-A708-427E-9C14-0FCA5BE56142}.Release|Any CPU.ActiveCfg = Release|Any CPU
		{6B812C5A-A708-427E-9C14-0FCA5BE56142}.Release|Any CPU.Build.0 = Release|Any CPU
	EndGlobalSection
	GlobalSection(SolutionProperties) = preSolution
		HideSolutionNode = FALSE
	EndGlobalSection
	GlobalSection(ExtensibilityGlobals) = postSolution
		SolutionGuid = {A5F3FFB1-2033-49B9-A6CE-9D7D031F2758}
	EndGlobalSection
EndGlobal
